
Microsoft Visual Studio Solution File, Format Version 12.00
# Visual Studio Version 17
VisualStudioVersion = 17.8.34511.84
MinimumVisualStudioVersion = 10.0.40219.1
Project("{FAE04EC0-301F-11D3-BF4B-00C04F79EFBC}") = "ejercicio 2", "ejercicio 2\ejercicio 2.csproj", "{889E2336-11EE-47C6-BDC1-9895209B2ADE}"
EndProject
Global
	GlobalSection(SolutionConfigurationPlatforms) = preSolution
		Debug|Any CPU = Debug|Any CPU
		Release|Any CPU = Release|Any CPU
	EndGlobalSection
	GlobalSection(ProjectConfigurationPlatforms) = postSolution
		{889E2336-11EE-47C6-BDC1-9895209B2ADE}.Debug|Any CPU.ActiveCfg = Debug|Any CPU
		{889E2336-11EE-47C6-BDC1-9895209B2ADE}.Debug|Any CPU.Build.0 = Debug|Any CPU
		{889E2336-11EE-47C6-BDC1-9895209B2ADE}.Release|Any CPU.ActiveCfg = Release|Any CPU
		{889E2336-11EE-47C6-BDC1-9895209B2ADE}.Release|Any CPU.Build.0 = Release|Any CPU
	EndGlobalSection
	GlobalSection(SolutionProperties) = preSolution
		HideSolutionNode = FALSE
	EndGlobalSection
	GlobalSection(ExtensibilityGlobals) = postSolution
		SolutionGuid = {2EC9370A-A418-497F-9BC9-D1DF1D67AE6D}
	EndGlobalSection
EndGlobal
